
Microsoft Visual Studio Solution File, Format Version 12.00
# Visual Studio 15
VisualStudioVersion = 15.0.27428.2015
MinimumVisualStudioVersion = 10.0.40219.1
Project("{2150E333-8FDC-42A3-9474-1A3956D46DE8}") = "Solution Items", "Solution Items", "{4536B955-F422-4634-82CE-42DC65E4B656}"
	ProjectSection(SolutionItems) = preProject
		README.md = README.md
	EndProjectSection
EndProject
Project("{FAE04EC0-301F-11D3-BF4B-00C04F79EFBC}") = "NLog.Telegram.NetStandart", "NLog.Telegram.NetStandart\NLog.Telegram.NetStandart.csproj", "{90235E81-DDB9-4056-8FB9-ABA09FD3DC17}"
EndProject
Project("{FAE04EC0-301F-11D3-BF4B-00C04F79EFBC}") = "NLog.Telegram.NetStandart.Sample", "NLog.Telegram.NetStandart.Sample\NLog.Telegram.NetStandart.Sample.csproj", "{204A02E7-730D-43D4-81B6-7A84ADDC7677}"
EndProject
Global
	GlobalSection(SolutionConfigurationPlatforms) = preSolution
		Debug|Any CPU = Debug|Any CPU
		Release|Any CPU = Release|Any CPU
	EndGlobalSection
	GlobalSection(ProjectConfigurationPlatforms) = postSolution
		{90235E81-DDB9-4056-8FB9-ABA09FD3DC17}.Debug|Any CPU.ActiveCfg = Debug|Any CPU
		{90235E81-DDB9-4056-8FB9-ABA09FD3DC17}.Debug|Any CPU.Build.0 = Debug|Any CPU
		{90235E81-DDB9-4056-8FB9-ABA09FD3DC17}.Release|Any CPU.ActiveCfg = Release|Any CPU
		{90235E81-DDB9-4056-8FB9-ABA09FD3DC17}.Release|Any CPU.Build.0 = Release|Any CPU
		{204A02E7-730D-43D4-81B6-7A84ADDC7677}.Debug|Any CPU.ActiveCfg = Debug|Any CPU
		{204A02E7-730D-43D4-81B6-7A84ADDC7677}.Debug|Any CPU.Build.0 = Debug|Any CPU
		{204A02E7-730D-43D4-81B6-7A84ADDC7677}.Release|Any CPU.ActiveCfg = Release|Any CPU
		{204A02E7-730D-43D4-81B6-7A84ADDC7677}.Release|Any CPU.Build.0 = Release|Any CPU
	EndGlobalSection
	GlobalSection(SolutionProperties) = preSolution
		HideSolutionNode = FALSE
	EndGlobalSection
	GlobalSection(ExtensibilityGlobals) = postSolution
		SolutionGuid = {DCC6A7BE-444D-442A-958E-BDA083BAD94F}
	EndGlobalSection
EndGlobal
